
Microsoft Visual Studio Solution File, Format Version 12.00
# Visual Studio Version 17
VisualStudioVersion = 17.10.34928.147
MinimumVisualStudioVersion = 10.0.40219.1
Project("{FAE04EC0-301F-11D3-BF4B-00C04F79EFBC}") = "DAL", "DAL\DAL.csproj", "{1F3D82B5-110D-4D28-A513-93E26A8492DE}"
EndProject
Project("{FAE04EC0-301F-11D3-BF4B-00C04F79EFBC}") = "BLL", "BLL\BLL.csproj", "{940F9341-4FB2-4EB7-A64D-EC7D1019BB50}"
EndProject
Project("{FAE04EC0-301F-11D3-BF4B-00C04F79EFBC}") = "TEST", "TEST\TEST.csproj", "{B8CA0379-61EE-4DA9-AC0D-A6B276334004}"
EndProject
Global
	GlobalSection(SolutionConfigurationPlatforms) = preSolution
		Debug|Any CPU = Debug|Any CPU
		Release|Any CPU = Release|Any CPU
	EndGlobalSection
	GlobalSection(ProjectConfigurationPlatforms) = postSolution
		{1F3D82B5-110D-4D28-A513-93E26A8492DE}.Debug|Any CPU.ActiveCfg = Debug|Any CPU
		{1F3D82B5-110D-4D28-A513-93E26A8492DE}.Debug|Any CPU.Build.0 = Debug|Any CPU
		{1F3D82B5-110D-4D28-A513-93E26A8492DE}.Release|Any CPU.ActiveCfg = Release|Any CPU
		{1F3D82B5-110D-4D28-A513-93E26A8492DE}.Release|Any CPU.Build.0 = Release|Any CPU
		{940F9341-4FB2-4EB7-A64D-EC7D1019BB50}.Debug|Any CPU.ActiveCfg = Debug|Any CPU
		{940F9341-4FB2-4EB7-A64D-EC7D1019BB50}.Debug|Any CPU.Build.0 = Debug|Any CPU
		{940F9341-4FB2-4EB7-A64D-EC7D1019BB50}.Release|Any CPU.ActiveCfg = Release|Any CPU
		{940F9341-4FB2-4EB7-A64D-EC7D1019BB50}.Release|Any CPU.Build.0 = Release|Any CPU
		{B8CA0379-61EE-4DA9-AC0D-A6B276334004}.Debug|Any CPU.ActiveCfg = Debug|Any CPU
		{B8CA0379-61EE-4DA9-AC0D-A6B276334004}.Debug|Any CPU.Build.0 = Debug|Any CPU
		{B8CA0379-61EE-4DA9-AC0D-A6B276334004}.Release|Any CPU.ActiveCfg = Release|Any CPU
		{B8CA0379-61EE-4DA9-AC0D-A6B276334004}.Release|Any CPU.Build.0 = Release|Any CPU
	EndGlobalSection
	GlobalSection(SolutionProperties) = preSolution
		HideSolutionNode = FALSE
	EndGlobalSection
	GlobalSection(ExtensibilityGlobals) = postSolution
		SolutionGuid = {83BD3630-0C61-434B-8273-BDFC84CC47D9}
	EndGlobalSection
EndGlobal
